
Microsoft Visual Studio Solution File, Format Version 12.00
# Visual Studio 15
VisualStudioVersion = 15.0.27004.2009
MinimumVisualStudioVersion = 10.0.40219.1
Project("{FAE04EC0-301F-11D3-BF4B-00C04F79EFBC}") = "Notes", "Notes\Notes.csproj", "{DDA722AB-D3B1-4FF5-92A0-814F9687678A}"
EndProject
Global
	GlobalSection(SolutionConfigurationPlatforms) = preSolution
		Debug|Any CPU = Debug|Any CPU
		Release|Any CPU = Release|Any CPU
	EndGlobalSection
	GlobalSection(ProjectConfigurationPlatforms) = postSolution
		{DDA722AB-D3B1-4FF5-92A0-814F9687678A}.Debug|Any CPU.ActiveCfg = Debug|Any CPU
		{DDA722AB-D3B1-4FF5-92A0-814F9687678A}.Debug|Any CPU.Build.0 = Debug|Any CPU
		{DDA722AB-D3B1-4FF5-92A0-814F9687678A}.Release|Any CPU.ActiveCfg = Release|Any CPU
		{DDA722AB-D3B1-4FF5-92A0-814F9687678A}.Release|Any CPU.Build.0 = Release|Any CPU
	EndGlobalSection
	GlobalSection(SolutionProperties) = preSolution
		HideSolutionNode = FALSE
	EndGlobalSection
	GlobalSection(ExtensibilityGlobals) = postSolution
		SolutionGuid = {5EED72AA-19C4-452E-993E-1FCD1857EABF}
	EndGlobalSection
EndGlobal
